
Microsoft Visual Studio Solution File, Format Version 12.00
# Visual Studio Version 17
VisualStudioVersion = 17.8.34330.188
MinimumVisualStudioVersion = 10.0.40219.1
Project("{FAE04EC0-301F-11D3-BF4B-00C04F79EFBC}") = "AwesomeDevEvents.API", "AwesomeDevEvents.API\AwesomeDevEvents.API.csproj", "{817E7C95-769E-4BE1-A8FB-8ECD93CA231A}"
EndProject
Global
	GlobalSection(SolutionConfigurationPlatforms) = preSolution
		Debug|Any CPU = Debug|Any CPU
		Release|Any CPU = Release|Any CPU
	EndGlobalSection
	GlobalSection(ProjectConfigurationPlatforms) = postSolution
		{817E7C95-769E-4BE1-A8FB-8ECD93CA231A}.Debug|Any CPU.ActiveCfg = Debug|Any CPU
		{817E7C95-769E-4BE1-A8FB-8ECD93CA231A}.Debug|Any CPU.Build.0 = Debug|Any CPU
		{817E7C95-769E-4BE1-A8FB-8ECD93CA231A}.Release|Any CPU.ActiveCfg = Release|Any CPU
		{817E7C95-769E-4BE1-A8FB-8ECD93CA231A}.Release|Any CPU.Build.0 = Release|Any CPU
	EndGlobalSection
	GlobalSection(SolutionProperties) = preSolution
		HideSolutionNode = FALSE
	EndGlobalSection
	GlobalSection(ExtensibilityGlobals) = postSolution
		SolutionGuid = {3C304779-07D2-448F-B686-894478AFF645}
	EndGlobalSection
EndGlobal
